
Microsoft Visual Studio Solution File, Format Version 12.00
Project("{2150E333-8FDC-42A3-9474-1A3956D46DE8}") = "Source", "Source", "{FEF107EF-70C9-4DD3-B504-EE58A89F75D1}"
EndProject
Project("{2150E333-8FDC-42A3-9474-1A3956D46DE8}") = "Api", "Api", "{EF81DBD5-C1FF-4C60-982C-A08F09C3F862}"
EndProject
Project("{FAE04EC0-301F-11D3-BF4B-00C04F79EFBC}") = "MyFinances.API", "Source\Api\MyFinances.API\MyFinances.API.csproj", "{29DFCF53-65C7-47A0-ADB6-A8697626ADDA}"
EndProject
Project("{2150E333-8FDC-42A3-9474-1A3956D46DE8}") = "Common", "Common", "{8DC8DA7C-48D3-4843-9674-9E36C4463476}"
EndProject
Project("{FAE04EC0-301F-11D3-BF4B-00C04F79EFBC}") = "MyFinances.Common.Core", "Source\Common\MyFinances.Common.Core\MyFinances.Common.Core.csproj", "{CBCCA677-9BFF-4EBB-89BE-E3F936B26D98}"
EndProject
Project("{2150E333-8FDC-42A3-9474-1A3956D46DE8}") = "Modules", "Modules", "{A0B31270-924F-4340-BE29-21E9CC56FEC5}"
EndProject
Project("{2150E333-8FDC-42A3-9474-1A3956D46DE8}") = "Tests", "Tests", "{E96D493A-3FE4-446D-BA6E-1370A4785B53}"
EndProject
Global
	GlobalSection(SolutionConfigurationPlatforms) = preSolution
		Debug|Any CPU = Debug|Any CPU
		Release|Any CPU = Release|Any CPU
	EndGlobalSection
	GlobalSection(ProjectConfigurationPlatforms) = postSolution
		{29DFCF53-65C7-47A0-ADB6-A8697626ADDA}.Debug|Any CPU.ActiveCfg = Debug|Any CPU
		{29DFCF53-65C7-47A0-ADB6-A8697626ADDA}.Debug|Any CPU.Build.0 = Debug|Any CPU
		{29DFCF53-65C7-47A0-ADB6-A8697626ADDA}.Release|Any CPU.ActiveCfg = Release|Any CPU
		{29DFCF53-65C7-47A0-ADB6-A8697626ADDA}.Release|Any CPU.Build.0 = Release|Any CPU
		{CBCCA677-9BFF-4EBB-89BE-E3F936B26D98}.Debug|Any CPU.ActiveCfg = Debug|Any CPU
		{CBCCA677-9BFF-4EBB-89BE-E3F936B26D98}.Debug|Any CPU.Build.0 = Debug|Any CPU
		{CBCCA677-9BFF-4EBB-89BE-E3F936B26D98}.Release|Any CPU.ActiveCfg = Release|Any CPU
		{CBCCA677-9BFF-4EBB-89BE-E3F936B26D98}.Release|Any CPU.Build.0 = Release|Any CPU
	EndGlobalSection
	GlobalSection(NestedProjects) = preSolution
		{EF81DBD5-C1FF-4C60-982C-A08F09C3F862} = {FEF107EF-70C9-4DD3-B504-EE58A89F75D1}
		{29DFCF53-65C7-47A0-ADB6-A8697626ADDA} = {EF81DBD5-C1FF-4C60-982C-A08F09C3F862}
		{8DC8DA7C-48D3-4843-9674-9E36C4463476} = {FEF107EF-70C9-4DD3-B504-EE58A89F75D1}
		{CBCCA677-9BFF-4EBB-89BE-E3F936B26D98} = {8DC8DA7C-48D3-4843-9674-9E36C4463476}
		{A0B31270-924F-4340-BE29-21E9CC56FEC5} = {FEF107EF-70C9-4DD3-B504-EE58A89F75D1}
	EndGlobalSection
EndGlobal
